# THIS IS AN AUTOGENERATED FILE. DO NOT EDIT THIS FILE DIRECTLY.
# yarn lockfile v1


"json-buffer@3.0.1":
  "integrity" "sha512-4bV5BfR2mqfQTJm+V5tPPdf+ZpuhiIvTuAB5g8kcrXOZpTT/QwwVRWBywX1ozr6lEuPdbHxwaJlm9G6mI2sfSQ=="
  "resolved" "https://registry.npmjs.org/json-buffer/-/json-buffer-3.0.1.tgz"
  "version" "3.0.1"

"keyv@^4.5.0":
  "integrity" "sha512-2YvuMsA+jnFGtBareKqgANOEKe1mk3HKiXu2fRmAfyxG0MJAywNhi5ttWA3PMjl4NmpyjZNbFifR2vNjW1znfA=="
  "resolved" "https://registry.npmjs.org/keyv/-/keyv-4.5.0.tgz"
  "version" "4.5.0"
  dependencies:
    "json-buffer" "3.0.1"
